// !$*UTF8*$!
{
	archiveVersion = 1;
	classes = {
	};
	objectVersion = 77;
	objects = {

/* Begin PBXBuildFile section */
		6224B42F64665DF58763613B /* SteamControllerTesterApp.swift in Sources */ = {isa = PBXBuildFile; fileRef = 5300B76EE8F5E30B7ADB6489 /* SteamControllerTesterApp.swift */; };
		BE59A55654946BB70C2B27A4 /* ContentView.swift in Sources */ = {isa = PBXBuildFile; fileRef = 559D4A0C05711667FFC6F335 /* ContentView.swift */; };
		D3B8D1C87B220BC5EC403A42 /* ControllerModel.swift in Sources */ = {isa = PBXBuildFile; fileRef = B6382537666619CAE32CAF45 /* ControllerModel.swift */; };
		DF7FCE1B7D9F389C13527308 /* SteamControllerKit in Frameworks */ = {isa = PBXBuildFile; productRef = AECB688B769A8A9421A939B6 /* SteamControllerKit */; };
/* End PBXBuildFile section */

/* Begin PBXFileReference section */
		38B6F82675C85B1DFDE7B49D /* SteamControllerTester.app */ = {isa = PBXFileReference; includeInIndex = 0; lastKnownFileType = wrapper.application; path = SteamControllerTester.app; sourceTree = BUILT_PRODUCTS_DIR; };
		5300B76EE8F5E30B7ADB6489 /* SteamControllerTesterApp.swift */ = {isa = PBXFileReference; lastKnownFileType = sourcecode.swift; path = SteamControllerTesterApp.swift; sourceTree = "<group>"; };
		559D4A0C05711667FFC6F335 /* ContentView.swift */ = {isa = PBXFileReference; lastKnownFileType = sourcecode.swift; path = ContentView.swift; sourceTree = "<group>"; };
		665BD5893715766F1C82DFB9 /* SteamControllerKit */ = {isa = PBXFileReference; lastKnownFileType = folder; name = SteamControllerKit; path = ..; sourceTree = SOURCE_ROOT; };
		B6382537666619CAE32CAF45 /* ControllerModel.swift */ = {isa = PBXFileReference; lastKnownFileType = sourcecode.swift; path = ControllerModel.swift; sourceTree = "<group>"; };
/* End PBXFileReference section */

/* Begin PBXFrameworksBuildPhase section */
		671E37FA5D25DA55F3D0E200 /* Frameworks */ = {
			isa = PBXFrameworksBuildPhase;
			buildActionMask = 2147483647;
			files = (
				DF7FCE1B7D9F389C13527308 /* SteamControllerKit in Frameworks */,
			);
			runOnlyForDeploymentPostprocessing = 0;
		};
/* End PBXFrameworksBuildPhase section */

/* Begin PBXGroup section */
		49334DA7FF9DB0E9934D9C15 = {
			isa = PBXGroup;
			children = (
				A91DD387CC7DC34ECDC499B0 /* Packages */,
				FC8D8102E131710FCC6C2D0F /* SteamControllerTester */,
				72082BBB60AA95446682C59D /* Products */,
			);
			sourceTree = "<group>";
		};
		72082BBB60AA95446682C59D /* Products */ = {
			isa = PBXGroup;
			children = (
				38B6F82675C85B1DFDE7B49D /* SteamControllerTester.app */,
			);
			name = Products;
			sourceTree = "<group>";
		};
		A91DD387CC7DC34ECDC499B0 /* Packages */ = {
			isa = PBXGroup;
			children = (
				665BD5893715766F1C82DFB9 /* SteamControllerKit */,
			);
			name = Packages;
			sourceTree = "<group>";
		};
		FC8D8102E131710FCC6C2D0F /* SteamControllerTester */ = {
			isa = PBXGroup;
			children = (
				559D4A0C05711667FFC6F335 /* ContentView.swift */,
				B6382537666619CAE32CAF45 /* ControllerModel.swift */,
				5300B76EE8F5E30B7ADB6489 /* SteamControllerTesterApp.swift */,
			);
			path = SteamControllerTester;
			sourceTree = "<group>";
		};
/* End PBXGroup section */

/* Begin PBXNativeTarget section */
		A1FC5297B222B561095E9BDC /* SteamControllerTester */ = {
			isa = PBXNativeTarget;
			buildConfigurationList = 26862AA95230C14077DA40D3 /* Build configuration list for PBXNativeTarget "SteamControllerTester" */;
			buildPhases = (
				527337B26B6F0805DD4524E7 /* Sources */,
				671E37FA5D25DA55F3D0E200 /* Frameworks */,
			);
			buildRules = (
			);
			dependencies = (
			);
			name = SteamControllerTester;
			packageProductDependencies = (
				AECB688B769A8A9421A939B6 /* SteamControllerKit */,
			);
			productName = SteamControllerTester;
			productReference = 38B6F82675C85B1DFDE7B49D /* SteamControllerTester.app */;
			productType = "com.apple.product-type.application";
		};
/* End PBXNativeTarget section */

/* Begin PBXProject section */
		80885F9A8E29A5193CDBE455 /* Project object */ = {
			isa = PBXProject;
			attributes = {
				BuildIndependentTargetsInParallel = YES;
				LastUpgradeCheck = 1430;
				TargetAttributes = {
					A1FC5297B222B561095E9BDC = {
						ProvisioningStyle = Automatic;
					};
				};
			};
			buildConfigurationList = 8FC1BE82729E7AC3CE336C70 /* Build configuration list for PBXProject "SteamControllerTester" */;
			developmentRegion = en;
			hasScannedForEncodings = 0;
			knownRegions = (
				Base,
				en,
			);
			mainGroup = 49334DA7FF9DB0E9934D9C15;
			minimizedProjectReferenceProxies = 1;
			packageReferences = (
				6437555F6D93042B1661DEB4 /* XCLocalSwiftPackageReference ".." */,
			);
			preferredProjectObjectVersion = 77;
			productRefGroup = 72082BBB60AA95446682C59D /* Products */;
			projectDirPath = "";
			projectRoot = "";
			targets = (
				A1FC5297B222B561095E9BDC /* SteamControllerTester */,
			);
		};
/* End PBXProject section */

/* Begin PBXSourcesBuildPhase section */
		527337B26B6F0805DD4524E7 /* Sources */ = {
			isa = PBXSourcesBuildPhase;
			buildActionMask = 2147483647;
			files = (
				BE59A55654946BB70C2B27A4 /* ContentView.swift in Sources */,
				D3B8D1C87B220BC5EC403A42 /* ControllerModel.swift in Sources */,
				6224B42F64665DF58763613B /* SteamControllerTesterApp.swift in Sources */,
			);
			runOnlyForDeploymentPostprocessing = 0;
		};
/* End PBXSourcesBuildPhase section */

/* Begin XCBuildConfiguration section */
		2BA8F70C00AB64D0ED043929 /* Release */ = {
			isa = XCBuildConfiguration;
			buildSettings = {
				ALWAYS_SEARCH_USER_PATHS = NO;
				CLANG_ANALYZER_NONNULL = YES;
				CLANG_ANALYZER_NUMBER_OBJECT_CONVERSION = YES_AGGRESSIVE;
				CLANG_CXX_LANGUAGE_STANDARD = "gnu++14";
				CLANG_CXX_LIBRARY = "libc++";
				CLANG_ENABLE_MODULES = YES;
				CLANG_ENABLE_OBJC_ARC = YES;
				CLANG_ENABLE_OBJC_WEAK = YES;
				CLANG_WARN_BLOCK_CAPTURE_AUTORELEASING = YES;
				CLANG_WARN_BOOL_CONVERSION = YES;
				CLANG_WARN_COMMA = YES;
				CLANG_WARN_CONSTANT_CONVERSION = YES;
				CLANG_WARN_DEPRECATED_OBJC_IMPLEMENTATIONS = YES;
				CLANG_WARN_DIRECT_OBJC_ISA_USAGE = YES_ERROR;
				CLANG_WARN_DOCUMENTATION_COMMENTS = YES;
				CLANG_WARN_EMPTY_BODY = YES;
				CLANG_WARN_ENUM_CONVERSION = YES;
				CLANG_WARN_INFINITE_RECURSION = YES;
				CLANG_WARN_INT_CONVERSION = YES;
				CLANG_WARN_NON_LITERAL_NULL_CONVERSION = YES;
				CLANG_WARN_OBJC_IMPLICIT_RETAIN_SELF = YES;
				CLANG_WARN_OBJC_LITERAL_CONVERSION = YES;
				CLANG_WARN_OBJC_ROOT_CLASS = YES_ERROR;
				CLANG_WARN_QUOTED_INCLUDE_IN_FRAMEWORK_HEADER = YES;
				CLANG_WARN_RANGE_LOOP_ANALYSIS = YES;
				CLANG_WARN_STRICT_PROTOTYPES = YES;
				CLANG_WARN_SUSPICIOUS_MOVE = YES;
				CLANG_WARN_UNGUARDED_AVAILABILITY = YES_AGGRESSIVE;
				CLANG_WARN_UNREACHABLE_CODE = YES;
				CLANG_WARN__DUPLICATE_METHOD_MATCH = YES;
				COPY_PHASE_STRIP = NO;
				DEBUG_INFORMATION_FORMAT = "dwarf-with-dsym";
				ENABLE_NS_ASSERTIONS = NO;
				ENABLE_STRICT_OBJC_MSGSEND = YES;
				GCC_C_LANGUAGE_STANDARD = gnu11;
				GCC_NO_COMMON_BLOCKS = YES;
				GCC_WARN_64_TO_32_BIT_CONVERSION = YES;
				GCC_WARN_ABOUT_RETURN_TYPE = YES_ERROR;
				GCC_WARN_UNDECLARED_SELECTOR = YES;
				GCC_WARN_UNINITIALIZED_AUTOS = YES_AGGRESSIVE;
				GCC_WARN_UNUSED_FUNCTION = YES;
				GCC_WARN_UNUSED_VARIABLE = YES;
				IPHONEOS_DEPLOYMENT_TARGET = 26.0;
				MTL_ENABLE_DEBUG_INFO = NO;
				MTL_FAST_MATH = YES;
				PRODUCT_NAME = "$(TARGET_NAME)";
				SDKROOT = auto;
				SWIFT_COMPILATION_MODE = wholemodule;
				SWIFT_OPTIMIZATION_LEVEL = "-O";
				SWIFT_VERSION = 5.0;
				TVOS_DEPLOYMENT_TARGET = 26.0;
			};
			name = Release;
		};
		53F4BDADF03E35096C021510 /* Debug */ = {
			isa = XCBuildConfiguration;
			buildSettings = {
				ALWAYS_SEARCH_USER_PATHS = NO;
				CLANG_ANALYZER_NONNULL = YES;
				CLANG_ANALYZER_NUMBER_OBJECT_CONVERSION = YES_AGGRESSIVE;
				CLANG_CXX_LANGUAGE_STANDARD = "gnu++14";
				CLANG_CXX_LIBRARY = "libc++";
				CLANG_ENABLE_MODULES = YES;
				CLANG_ENABLE_OBJC_ARC = YES;
				CLANG_ENABLE_OBJC_WEAK = YES;
				CLANG_WARN_BLOCK_CAPTURE_AUTORELEASING = YES;
				CLANG_WARN_BOOL_CONVERSION = YES;
				CLANG_WARN_COMMA = YES;
				CLANG_WARN_CONSTANT_CONVERSION = YES;
				CLANG_WARN_DEPRECATED_OBJC_IMPLEMENTATIONS = YES;
				CLANG_WARN_DIRECT_OBJC_ISA_USAGE = YES_ERROR;
				CLANG_WARN_DOCUMENTATION_COMMENTS = YES;
				CLANG_WARN_EMPTY_BODY = YES;
				CLANG_WARN_ENUM_CONVERSION = YES;
				CLANG_WARN_INFINITE_RECURSION = YES;
				CLANG_WARN_INT_CONVERSION = YES;
				CLANG_WARN_NON_LITERAL_NULL_CONVERSION = YES;
				CLANG_WARN_OBJC_IMPLICIT_RETAIN_SELF = YES;
				CLANG_WARN_OBJC_LITERAL_CONVERSION = YES;
				CLANG_WARN_OBJC_ROOT_CLASS = YES_ERROR;
				CLANG_WARN_QUOTED_INCLUDE_IN_FRAMEWORK_HEADER = YES;
				CLANG_WARN_RANGE_LOOP_ANALYSIS = YES;
				CLANG_WARN_STRICT_PROTOTYPES = YES;
				CLANG_WARN_SUSPICIOUS_MOVE = YES;
				CLANG_WARN_UNGUARDED_AVAILABILITY = YES_AGGRESSIVE;
				CLANG_WARN_UNREACHABLE_CODE = YES;
				CLANG_WARN__DUPLICATE_METHOD_MATCH = YES;
				COPY_PHASE_STRIP = NO;
				DEBUG_INFORMATION_FORMAT = dwarf;
				ENABLE_STRICT_OBJC_MSGSEND = YES;
				ENABLE_TESTABILITY = YES;
				GCC_C_LANGUAGE_STANDARD = gnu11;
				GCC_DYNAMIC_NO_PIC = NO;
				GCC_NO_COMMON_BLOCKS = YES;
				GCC_OPTIMIZATION_LEVEL = 0;
				GCC_PREPROCESSOR_DEFINITIONS = (
					"$(inherited)",
					"DEBUG=1",
				);
				GCC_WARN_64_TO_32_BIT_CONVERSION = YES;
				GCC_WARN_ABOUT_RETURN_TYPE = YES_ERROR;
				GCC_WARN_UNDECLARED_SELECTOR = YES;
				GCC_WARN_UNINITIALIZED_AUTOS = YES_AGGRESSIVE;
				GCC_WARN_UNUSED_FUNCTION = YES;
				GCC_WARN_UNUSED_VARIABLE = YES;
				IPHONEOS_DEPLOYMENT_TARGET = 26.0;
				MTL_ENABLE_DEBUG_INFO = INCLUDE_SOURCE;
				MTL_FAST_MATH = YES;
				ONLY_ACTIVE_ARCH = YES;
				PRODUCT_NAME = "$(TARGET_NAME)";
				SDKROOT = auto;
				SWIFT_ACTIVE_COMPILATION_CONDITIONS = DEBUG;
				SWIFT_OPTIMIZATION_LEVEL = "-Onone";
				SWIFT_VERSION = 5.0;
				TVOS_DEPLOYMENT_TARGET = 26.0;
			};
			name = Debug;
		};
		7449FF14F5808E7AA6E7786C /* Debug */ = {
			isa = XCBuildConfiguration;
			buildSettings = {
				ASSETCATALOG_COMPILER_APPICON_NAME = AppIcon;
				CODE_SIGN_IDENTITY = "iPhone Developer";
				CODE_SIGN_STYLE = Automatic;
				CURRENT_PROJECT_VERSION = 1;
				GENERATE_INFOPLIST_FILE = YES;
				INFOPLIST_KEY_NSBluetoothAlwaysUsageDescription = "Connects to a Steam Controller over Bluetooth to read its inputs.";
				INFOPLIST_KEY_UIApplicationSceneManifest_Generation = YES;
				INFOPLIST_KEY_UILaunchScreen_Generation = YES;
				LD_RUNPATH_SEARCH_PATHS = (
					"$(inherited)",
					"@executable_path/Frameworks",
				);
				MARKETING_VERSION = 1.0;
				PRODUCT_BUNDLE_IDENTIFIER = com.collinkite.SteamControllerTester;
				PRODUCT_NAME = SteamControllerTester;
				SDKROOT = auto;
				SUPPORTED_PLATFORMS = "iphoneos iphonesimulator appletvos appletvsimulator";
				SUPPORTS_MACCATALYST = NO;
				SUPPORTS_MAC_DESIGNED_FOR_IPHONE_IPAD = YES;
				SUPPORTS_XR_DESIGNED_FOR_IPHONE_IPAD = YES;
				SWIFT_VERSION = 5.0;
				TARGETED_DEVICE_FAMILY = "1,2,3";
			};
			name = Debug;
		};
		9FD0207121FE0892F06A6C10 /* Release */ = {
			isa = XCBuildConfiguration;
			buildSettings = {
				ASSETCATALOG_COMPILER_APPICON_NAME = AppIcon;
				CODE_SIGN_IDENTITY = "iPhone Developer";
				CODE_SIGN_STYLE = Automatic;
				CURRENT_PROJECT_VERSION = 1;
				GENERATE_INFOPLIST_FILE = YES;
				INFOPLIST_KEY_NSBluetoothAlwaysUsageDescription = "Connects to a Steam Controller over Bluetooth to read its inputs.";
				INFOPLIST_KEY_UIApplicationSceneManifest_Generation = YES;
				INFOPLIST_KEY_UILaunchScreen_Generation = YES;
				LD_RUNPATH_SEARCH_PATHS = (
					"$(inherited)",
					"@executable_path/Frameworks",
				);
				MARKETING_VERSION = 1.0;
				PRODUCT_BUNDLE_IDENTIFIER = com.collinkite.SteamControllerTester;
				PRODUCT_NAME = SteamControllerTester;
				SDKROOT = auto;
				SUPPORTED_PLATFORMS = "iphoneos iphonesimulator appletvos appletvsimulator";
				SUPPORTS_MACCATALYST = NO;
				SUPPORTS_MAC_DESIGNED_FOR_IPHONE_IPAD = YES;
				SUPPORTS_XR_DESIGNED_FOR_IPHONE_IPAD = YES;
				SWIFT_VERSION = 5.0;
				TARGETED_DEVICE_FAMILY = "1,2,3";
			};
			name = Release;
		};
/* End XCBuildConfiguration section */

/* Begin XCConfigurationList section */
		26862AA95230C14077DA40D3 /* Build configuration list for PBXNativeTarget "SteamControllerTester" */ = {
			isa = XCConfigurationList;
			buildConfigurations = (
				7449FF14F5808E7AA6E7786C /* Debug */,
				9FD0207121FE0892F06A6C10 /* Release */,
			);
			defaultConfigurationIsVisible = 0;
			defaultConfigurationName = Debug;
		};
		8FC1BE82729E7AC3CE336C70 /* Build configuration list for PBXProject "SteamControllerTester" */ = {
			isa = XCConfigurationList;
			buildConfigurations = (
				53F4BDADF03E35096C021510 /* Debug */,
				2BA8F70C00AB64D0ED043929 /* Release */,
			);
			defaultConfigurationIsVisible = 0;
			defaultConfigurationName = Debug;
		};
/* End XCConfigurationList section */

/* Begin XCLocalSwiftPackageReference section */
		6437555F6D93042B1661DEB4 /* XCLocalSwiftPackageReference ".." */ = {
			isa = XCLocalSwiftPackageReference;
			relativePath = ..;
		};
/* End XCLocalSwiftPackageReference section */

/* Begin XCSwiftPackageProductDependency section */
		AECB688B769A8A9421A939B6 /* SteamControllerKit */ = {
			isa = XCSwiftPackageProductDependency;
			productName = SteamControllerKit;
		};
/* End XCSwiftPackageProductDependency section */
	};
	rootObject = 80885F9A8E29A5193CDBE455 /* Project object */;
}
